
Microsoft Visual Studio Solution File, Format Version 12.00
# Visual Studio Version 17
VisualStudioVersion = 17.14.36623.8
MinimumVisualStudioVersion = 10.0.40219.1
Project("{FAE04EC0-301F-11D3-BF4B-00C04F79EFBC}") = "Algoritmos_de_Ordenação", "Algoritmos_de_Ordenação\Algoritmos_de_Ordenação.csproj", "{AABFA089-E529-4551-B4C3-970A33BF103F}"
EndProject
Global
	GlobalSection(SolutionConfigurationPlatforms) = preSolution
		Debug|Any CPU = Debug|Any CPU
		Release|Any CPU = Release|Any CPU
	EndGlobalSection
	GlobalSection(ProjectConfigurationPlatforms) = postSolution
		{AABFA089-E529-4551-B4C3-970A33BF103F}.Debug|Any CPU.ActiveCfg = Debug|Any CPU
		{AABFA089-E529-4551-B4C3-970A33BF103F}.Debug|Any CPU.Build.0 = Debug|Any CPU
		{AABFA089-E529-4551-B4C3-970A33BF103F}.Release|Any CPU.ActiveCfg = Release|Any CPU
		{AABFA089-E529-4551-B4C3-970A33BF103F}.Release|Any CPU.Build.0 = Release|Any CPU
	EndGlobalSection
	GlobalSection(SolutionProperties) = preSolution
		HideSolutionNode = FALSE
	EndGlobalSection
	GlobalSection(ExtensibilityGlobals) = postSolution
		SolutionGuid = {2E7B5D31-257D-4CEF-B01B-ED6A3BDEC8D5}
	EndGlobalSection
EndGlobal
